<?xml version="1.0" encoding="utf-8"?>
<Project ToolsVersion="4.0" xmlns="http://schemas.microsoft.com/developer/msbuild/2003">
  <ItemGroup>
    <Filter Include="Source Files">
      <UniqueIdentifier>{4FC737F1-C7A5-4376-A066-2A32D752A2FF}</UniqueIdentifier>
      <Extensions>cpp;c;cc;cxx;c++;cppm;ixx;def;odl;idl;hpj;bat;asm;asmx</Extensions>
    </Filter>
    <Filter Include="Header Files">
      <UniqueIdentifier>{93995380-89BD-4b04-88EB-625FBE52EBFB}</UniqueIdentifier>
      <Extensions>h;hh;hpp;hxx;h++;hm;inl;inc;ipp;xsd</Extensions>
    </Filter>
    <Filter Include="Resource Files">
      <UniqueIdentifier>{67DA6AB6-F800-4c08-8B7A-83BB121AAD01}</UniqueIdentifier>
      <Extensions>rc;ico;cur;bmp;dlg;rc2;rct;bin;rgs;gif;jpg;jpeg;jpe;resx;tiff;tif;png;wav;mfcribbon-ms</Extensions>
    </Filter>
  </ItemGroup>
  <ItemGroup>
    <ClCompile Include="source\linkfs\src\linkfs.c">
      <Filter>Source Files</Filter>
    </ClCompile>
    <ClCompile Include="source\lowfatfs\src\lowfat.c">
      <Filter>Source Files</Filter>
    </ClCompile>
    <ClCompile Include="source\tests\src\main.cpp">
      <Filter>Source Files</Filter>
    </ClCompile>
    <ClCompile Include="source\crc\src\crc32_ccit.c">
      <Filter>Source Files</Filter>
    </ClCompile>
  </ItemGroup>
  <ItemGroup>
    <ClInclude Include="structures.h">
      <Filter>Header Files</Filter>
    </ClInclude>
    <ClInclude Include="structures_prelude.h">
      <Filter>Header Files</Filter>
    </ClInclude>
    <ClInclude Include="source\crc32\inc\crc32_ccit.h">
      <Filter>Header Files</Filter>
    </ClInclude>
    <ClInclude Include="source\linkfs\inc\linkfs.h">
      <Filter>Header Files</Filter>
    </ClInclude>
    <ClInclude Include="source\linkfs\inc\linkfs_defines.h">
      <Filter>Header Files</Filter>
    </ClInclude>
    <ClInclude Include="source\linkfs\inc\linkfs_prelude.h">
      <Filter>Header Files</Filter>
    </ClInclude>
    <ClInclude Include="source\lowfatfs\inc\lowfat.h">
      <Filter>Header Files</Filter>
    </ClInclude>
    <ClInclude Include="source\lowfatfs\inc\lowfat_defines.h">
      <Filter>Header Files</Filter>
    </ClInclude>
    <ClInclude Include="source\lowfatfs\inc\lowfat_prelude.h">
      <Filter>Header Files</Filter>
    </ClInclude>
  </ItemGroup>
</Project>